
Microsoft Visual Studio Solution File, Format Version 12.00
# Visual Studio Version 16
VisualStudioVersion = 16.0.29613.14
MinimumVisualStudioVersion = 10.0.40219.1
Project("{888888A0-9F3D-457C-B088-3A5042F75D52}") = "TriCleaver", "TriCleaver.pyproj", "{DCC18297-A59A-4A16-94BE-9FAD37613BCD}"
EndProject
Global
	GlobalSection(SolutionConfigurationPlatforms) = preSolution
		Debug|Any CPU = Debug|Any CPU
		Release|Any CPU = Release|Any CPU
	EndGlobalSection
	GlobalSection(ProjectConfigurationPlatforms) = postSolution
		{DCC18297-A59A-4A16-94BE-9FAD37613BCD}.Debug|Any CPU.ActiveCfg = Debug|Any CPU
		{DCC18297-A59A-4A16-94BE-9FAD37613BCD}.Debug|Any CPU.Build.0 = Debug|Any CPU
		{DCC18297-A59A-4A16-94BE-9FAD37613BCD}.Release|Any CPU.ActiveCfg = Release|Any CPU
		{DCC18297-A59A-4A16-94BE-9FAD37613BCD}.Release|Any CPU.Build.0 = Release|Any CPU
	EndGlobalSection
	GlobalSection(SolutionProperties) = preSolution
		HideSolutionNode = FALSE
	EndGlobalSection
	GlobalSection(ExtensibilityGlobals) = postSolution
		SolutionGuid = {E26CD1A1-AA79-4329-A0BC-3D61DFF7BCFA}
	EndGlobalSection
EndGlobal
